
Microsoft Visual Studio Solution File, Format Version 10.00
# Visual Studio 2008
Project("{8BC9CEB8-8B4A-11D0-8D11-00A0C91BC942}") = "EpGateMaint", "EpGateMaint\EpGateMaint.vcproj", "{E007628E-2951-4F46-A505-8BDB9226161F}"
EndProject
Global
	GlobalSection(SolutionConfigurationPlatforms) = preSolution
		Debug|Win32 = Debug|Win32
		Release|Win32 = Release|Win32
	EndGlobalSection
	GlobalSection(ProjectConfigurationPlatforms) = postSolution
		{E007628E-2951-4F46-A505-8BDB9226161F}.Debug|Win32.ActiveCfg = Debug|Win32
		{E007628E-2951-4F46-A505-8BDB9226161F}.Debug|Win32.Build.0 = Debug|Win32
		{E007628E-2951-4F46-A505-8BDB9226161F}.Release|Win32.ActiveCfg = Release|Win32
		{E007628E-2951-4F46-A505-8BDB9226161F}.Release|Win32.Build.0 = Release|Win32
	EndGlobalSection
	GlobalSection(SolutionProperties) = preSolution
		HideSolutionNode = FALSE
	EndGlobalSection
EndGlobal
